
Microsoft Visual Studio Solution File, Format Version 12.00
# Visual Studio 15
VisualStudioVersion = 15.0.27004.2009
MinimumVisualStudioVersion = 10.0.40219.1
Project("{FAE04EC0-301F-11D3-BF4B-00C04F79EFBC}") = "ProtectedConfig", "Source\ProtectedConfig\ProtectedConfig.csproj", "{91E67FD0-9397-48E9-8EF0-356A8833EE83}"
EndProject
Project("{FAE04EC0-301F-11D3-BF4B-00C04F79EFBC}") = "ProtectedConfig.Tests", "Source\ProtectedConfig.Tests\ProtectedConfig.Tests.csproj", "{22122BC5-1FE0-4284-9281-C261E887E357}"
EndProject
Project("{2150E333-8FDC-42A3-9474-1A3956D46DE8}") = "Source", "Source", "{C1F26491-D09E-4BDF-A182-D40C2487F445}"
EndProject
Project("{2150E333-8FDC-42A3-9474-1A3956D46DE8}") = "License", "License", "{E733A389-8014-4D71-908D-2F8C9BD63DB9}"
	ProjectSection(SolutionItems) = preProject
		App.licenseheader = App.licenseheader
		License.txt = License.txt
	EndProjectSection
EndProject
Project("{2150E333-8FDC-42A3-9474-1A3956D46DE8}") = "README", "README", "{AE3F3018-F371-4B2F-97B5-B049720EFDB8}"
	ProjectSection(SolutionItems) = preProject
		README.md = README.md
	EndProjectSection
EndProject
Global
	GlobalSection(SolutionConfigurationPlatforms) = preSolution
		Debug|Any CPU = Debug|Any CPU
		Release|Any CPU = Release|Any CPU
	EndGlobalSection
	GlobalSection(ProjectConfigurationPlatforms) = postSolution
		{91E67FD0-9397-48E9-8EF0-356A8833EE83}.Debug|Any CPU.ActiveCfg = Debug|Any CPU
		{91E67FD0-9397-48E9-8EF0-356A8833EE83}.Debug|Any CPU.Build.0 = Debug|Any CPU
		{91E67FD0-9397-48E9-8EF0-356A8833EE83}.Release|Any CPU.ActiveCfg = Release|Any CPU
		{91E67FD0-9397-48E9-8EF0-356A8833EE83}.Release|Any CPU.Build.0 = Release|Any CPU
		{22122BC5-1FE0-4284-9281-C261E887E357}.Debug|Any CPU.ActiveCfg = Debug|Any CPU
		{22122BC5-1FE0-4284-9281-C261E887E357}.Debug|Any CPU.Build.0 = Debug|Any CPU
		{22122BC5-1FE0-4284-9281-C261E887E357}.Release|Any CPU.ActiveCfg = Release|Any CPU
		{22122BC5-1FE0-4284-9281-C261E887E357}.Release|Any CPU.Build.0 = Release|Any CPU
	EndGlobalSection
	GlobalSection(SolutionProperties) = preSolution
		HideSolutionNode = FALSE
	EndGlobalSection
	GlobalSection(NestedProjects) = preSolution
		{91E67FD0-9397-48E9-8EF0-356A8833EE83} = {C1F26491-D09E-4BDF-A182-D40C2487F445}
		{22122BC5-1FE0-4284-9281-C261E887E357} = {C1F26491-D09E-4BDF-A182-D40C2487F445}
	EndGlobalSection
	GlobalSection(ExtensibilityGlobals) = postSolution
		SolutionGuid = {4963681E-F3E7-4F70-8F8C-37D9FB1D87B1}
	EndGlobalSection
EndGlobal
